
Microsoft Visual Studio Solution File, Format Version 12.00
# Visual Studio Version 16
VisualStudioVersion = 16.0.29806.167
MinimumVisualStudioVersion = 10.0.40219.1
Project("{FAE04EC0-301F-11D3-BF4B-00C04F79EFBC}") = "BannerLib.Input", "BannerLib.Input\BannerLib.Input.csproj", "{B65A991B-905F-4E6A-BCEA-9C10D158E773}"
EndProject
Project("{FAE04EC0-301F-11D3-BF4B-00C04F79EFBC}") = "BannerLib.Misc", "BannerLib.Misc\BannerLib.Misc.csproj", "{A18A0768-4BDE-4B5C-9FFA-F1FCC292F69D}"
EndProject
Project("{FAE04EC0-301F-11D3-BF4B-00C04F79EFBC}") = "BannerLib.Gameplay", "BannerLib.Gameplay\BannerLib.Gameplay.csproj", "{A18A0768-4BDE-4B5C-9FFA-F1FCC292F69A}"
EndProject
Project("{FAE04EC0-301F-11D3-BF4B-00C04F79EFBC}") = "BannerLib.ReleasePackager", ".tools\BannerLib.ReleasePackager\BannerLib.ReleasePackager.csproj", "{76ADCE1B-D7A5-4CCB-BA2C-F11F012A1740}"
EndProject
Project("{FAE04EC0-301F-11D3-BF4B-00C04F79EFBC}") = "BannerLib.Core", "BannerLib.Core\BannerLib.Core.csproj", "{5DB40B1D-2A9C-4C70-9D04-5E134E9C2777}"
EndProject
Global
	GlobalSection(SolutionConfigurationPlatforms) = preSolution
		Debug|Any CPU = Debug|Any CPU
		Release|Any CPU = Release|Any CPU
	EndGlobalSection
	GlobalSection(ProjectConfigurationPlatforms) = postSolution
		{B65A991B-905F-4E6A-BCEA-9C10D158E773}.Debug|Any CPU.ActiveCfg = Debug|Any CPU
		{B65A991B-905F-4E6A-BCEA-9C10D158E773}.Debug|Any CPU.Build.0 = Debug|Any CPU
		{B65A991B-905F-4E6A-BCEA-9C10D158E773}.Release|Any CPU.ActiveCfg = Release|Any CPU
		{B65A991B-905F-4E6A-BCEA-9C10D158E773}.Release|Any CPU.Build.0 = Release|Any CPU
		{A18A0768-4BDE-4B5C-9FFA-F1FCC292F69D}.Debug|Any CPU.ActiveCfg = Debug|Any CPU
		{A18A0768-4BDE-4B5C-9FFA-F1FCC292F69D}.Debug|Any CPU.Build.0 = Debug|Any CPU
		{A18A0768-4BDE-4B5C-9FFA-F1FCC292F69D}.Release|Any CPU.ActiveCfg = Release|Any CPU
		{A18A0768-4BDE-4B5C-9FFA-F1FCC292F69D}.Release|Any CPU.Build.0 = Release|Any CPU
		{A18A0768-4BDE-4B5C-9FFA-F1FCC292F69A}.Debug|Any CPU.ActiveCfg = Debug|Any CPU
		{A18A0768-4BDE-4B5C-9FFA-F1FCC292F69A}.Debug|Any CPU.Build.0 = Debug|Any CPU
		{A18A0768-4BDE-4B5C-9FFA-F1FCC292F69A}.Release|Any CPU.ActiveCfg = Release|Any CPU
		{A18A0768-4BDE-4B5C-9FFA-F1FCC292F69A}.Release|Any CPU.Build.0 = Release|Any CPU
		{76ADCE1B-D7A5-4CCB-BA2C-F11F012A1740}.Debug|Any CPU.ActiveCfg = Debug|Any CPU
		{76ADCE1B-D7A5-4CCB-BA2C-F11F012A1740}.Debug|Any CPU.Build.0 = Debug|Any CPU
		{76ADCE1B-D7A5-4CCB-BA2C-F11F012A1740}.Release|Any CPU.ActiveCfg = Release|Any CPU
		{76ADCE1B-D7A5-4CCB-BA2C-F11F012A1740}.Release|Any CPU.Build.0 = Release|Any CPU
		{5DB40B1D-2A9C-4C70-9D04-5E134E9C2777}.Debug|Any CPU.ActiveCfg = Debug|Any CPU
		{5DB40B1D-2A9C-4C70-9D04-5E134E9C2777}.Debug|Any CPU.Build.0 = Debug|Any CPU
		{5DB40B1D-2A9C-4C70-9D04-5E134E9C2777}.Release|Any CPU.ActiveCfg = Release|Any CPU
		{5DB40B1D-2A9C-4C70-9D04-5E134E9C2777}.Release|Any CPU.Build.0 = Release|Any CPU
	EndGlobalSection
	GlobalSection(SolutionProperties) = preSolution
		HideSolutionNode = FALSE
	EndGlobalSection
	GlobalSection(ExtensibilityGlobals) = postSolution
		SolutionGuid = {8D54A5EF-56ED-4044-BC7A-6924F717A6ED}
	EndGlobalSection
EndGlobal
